
Microsoft Visual Studio Solution File, Format Version 12.00
# Visual Studio 15
VisualStudioVersion = 15.0.27428.2015
MinimumVisualStudioVersion = 10.0.40219.1
Project("{FAE04EC0-301F-11D3-BF4B-00C04F79EFBC}") = "Lab14ProgSem2", "Lab14ProgSem2\Lab14ProgSem2.csproj", "{B6710E6C-5A13-4236-BEE2-8C8CD7C1DF63}"
EndProject
Global
	GlobalSection(SolutionConfigurationPlatforms) = preSolution
		Debug|Any CPU = Debug|Any CPU
		Release|Any CPU = Release|Any CPU
	EndGlobalSection
	GlobalSection(ProjectConfigurationPlatforms) = postSolution
		{B6710E6C-5A13-4236-BEE2-8C8CD7C1DF63}.Debug|Any CPU.ActiveCfg = Debug|Any CPU
		{B6710E6C-5A13-4236-BEE2-8C8CD7C1DF63}.Debug|Any CPU.Build.0 = Debug|Any CPU
		{B6710E6C-5A13-4236-BEE2-8C8CD7C1DF63}.Release|Any CPU.ActiveCfg = Release|Any CPU
		{B6710E6C-5A13-4236-BEE2-8C8CD7C1DF63}.Release|Any CPU.Build.0 = Release|Any CPU
	EndGlobalSection
	GlobalSection(SolutionProperties) = preSolution
		HideSolutionNode = FALSE
	EndGlobalSection
	GlobalSection(ExtensibilityGlobals) = postSolution
		SolutionGuid = {0EDC7B1A-0B25-4C93-AC7E-86C535D7F896}
	EndGlobalSection
EndGlobal
